// !$*UTF8*$!
{
	archiveVersion = 1;
	classes = {
	};
	objectVersion = 55;
	objects = {

/* Begin PBXBuildFile section */
		F2304C10275AE3A6009C77EF /* AppDelegate.swift in Sources */ = {isa = PBXBuildFile; fileRef = F2304C0F275AE3A6009C77EF /* AppDelegate.swift */; };
		F2304C12275AE3A6009C77EF /* SceneDelegate.swift in Sources */ = {isa = PBXBuildFile; fileRef = F2304C11275AE3A6009C77EF /* SceneDelegate.swift */; };
		F2304C14275AE3A6009C77EF /* ViewController.swift in Sources */ = {isa = PBXBuildFile; fileRef = F2304C13275AE3A6009C77EF /* ViewController.swift */; };
		F2304C17275AE3A6009C77EF /* Main.storyboard in Resources */ = {isa = PBXBuildFile; fileRef = F2304C15275AE3A6009C77EF /* Main.storyboard */; };
		F2304C19275AE3A7009C77EF /* Assets.xcassets in Resources */ = {isa = PBXBuildFile; fileRef = F2304C18275AE3A7009C77EF /* Assets.xcassets */; };
		F2304C1C275AE3A7009C77EF /* LaunchScreen.storyboard in Resources */ = {isa = PBXBuildFile; fileRef = F2304C1A275AE3A7009C77EF /* LaunchScreen.storyboard */; };
		F2304C27275AE3A8009C77EF /* indiKadai5Tests.swift in Sources */ = {isa = PBXBuildFile; fileRef = F2304C26275AE3A8009C77EF /* indiKadai5Tests.swift */; };
		F2304C31275AE3A8009C77EF /* indiKadai5UITests.swift in Sources */ = {isa = PBXBuildFile; fileRef = F2304C30275AE3A8009C77EF /* indiKadai5UITests.swift */; };
		F2304C33275AE3A8009C77EF /* indiKadai5UITestsLaunchTests.swift in Sources */ = {isa = PBXBuildFile; fileRef = F2304C32275AE3A8009C77EF /* indiKadai5UITestsLaunchTests.swift */; };
/* End PBXBuildFile section */

/* Begin PBXContainerItemProxy section */
		F2304C23275AE3A8009C77EF /* PBXContainerItemProxy */ = {
			isa = PBXContainerItemProxy;
			containerPortal = F2304C04275AE3A6009C77EF /* Project object */;
			proxyType = 1;
			remoteGlobalIDString = F2304C0B275AE3A6009C77EF;
			remoteInfo = indiKadai5;
		};
		F2304C2D275AE3A8009C77EF /* PBXContainerItemProxy */ = {
			isa = PBXContainerItemProxy;
			containerPortal = F2304C04275AE3A6009C77EF /* Project object */;
			proxyType = 1;
			remoteGlobalIDString = F2304C0B275AE3A6009C77EF;
			remoteInfo = indiKadai5;
		};
/* End PBXContainerItemProxy section */

/* Begin PBXFileReference section */
		F2304C0C275AE3A6009C77EF /* indiKadai5.app */ = {isa = PBXFileReference; explicitFileType = wrapper.application; includeInIndex = 0; path = indiKadai5.app; sourceTree = BUILT_PRODUCTS_DIR; };
		F2304C0F275AE3A6009C77EF /* AppDelegate.swift */ = {isa = PBXFileReference; lastKnownFileType = sourcecode.swift; path = AppDelegate.swift; sourceTree = "<group>"; };
		F2304C11275AE3A6009C77EF /* SceneDelegate.swift */ = {isa = PBXFileReference; lastKnownFileType = sourcecode.swift; path = SceneDelegate.swift; sourceTree = "<group>"; };
		F2304C13275AE3A6009C77EF /* ViewController.swift */ = {isa = PBXFileReference; lastKnownFileType = sourcecode.swift; path = ViewController.swift; sourceTree = "<group>"; };
		F2304C16275AE3A6009C77EF /* Base */ = {isa = PBXFileReference; lastKnownFileType = file.storyboard; name = Base; path = Base.lproj/Main.storyboard; sourceTree = "<group>"; };
		F2304C18275AE3A7009C77EF /* Assets.xcassets */ = {isa = PBXFileReference; lastKnownFileType = folder.assetcatalog; path = Assets.xcassets; sourceTree = "<group>"; };
		F2304C1B275AE3A7009C77EF /* Base */ = {isa = PBXFileReference; lastKnownFileType = file.storyboard; name = Base; path = Base.lproj/LaunchScreen.storyboard; sourceTree = "<group>"; };
		F2304C1D275AE3A7009C77EF /* Info.plist */ = {isa = PBXFileReference; lastKnownFileType = text.plist.xml; path = Info.plist; sourceTree = "<group>"; };
		F2304C22275AE3A8009C77EF /* indiKadai5Tests.xctest */ = {isa = PBXFileReference; explicitFileType = wrapper.cfbundle; includeInIndex = 0; path = indiKadai5Tests.xctest; sourceTree = BUILT_PRODUCTS_DIR; };
		F2304C26275AE3A8009C77EF /* indiKadai5Tests.swift */ = {isa = PBXFileReference; lastKnownFileType = sourcecode.swift; path = indiKadai5Tests.swift; sourceTree = "<group>"; };
		F2304C2C275AE3A8009C77EF /* indiKadai5UITests.xctest */ = {isa = PBXFileReference; explicitFileType = wrapper.cfbundle; includeInIndex = 0; path = indiKadai5UITests.xctest; sourceTree = BUILT_PRODUCTS_DIR; };
		F2304C30275AE3A8009C77EF /* indiKadai5UITests.swift */ = {isa = PBXFileReference; lastKnownFileType = sourcecode.swift; path = indiKadai5UITests.swift; sourceTree = "<group>"; };
		F2304C32275AE3A8009C77EF /* indiKadai5UITestsLaunchTests.swift */ = {isa = PBXFileReference; lastKnownFileType = sourcecode.swift; path = indiKadai5UITestsLaunchTests.swift; sourceTree = "<group>"; };
/* End PBXFileReference section */

/* Begin PBXFrameworksBuildPhase section */
		F2304C09275AE3A6009C77EF /* Frameworks */ = {
			isa = PBXFrameworksBuildPhase;
			buildActionMask = 2147483647;
			files = (
			);
			runOnlyForDeploymentPostprocessing = 0;
		};
		F2304C1F275AE3A8009C77EF /* Frameworks */ = {
			isa = PBXFrameworksBuildPhase;
			buildActionMask = 2147483647;
			files = (
			);
			runOnlyForDeploymentPostprocessing = 0;
		};
		F2304C29275AE3A8009C77EF /* Frameworks */ = {
			isa = PBXFrameworksBuildPhase;
			buildActionMask = 2147483647;
			files = (
			);
			runOnlyForDeploymentPostprocessing = 0;
		};
/* End PBXFrameworksBuildPhase section */

/* Begin PBXGroup section */
		F2304C03275AE3A6009C77EF = {
			isa = PBXGroup;
			children = (
				F2304C0E275AE3A6009C77EF /* indiKadai5 */,
				F2304C25275AE3A8009C77EF /* indiKadai5Tests */,
				F2304C2F275AE3A8009C77EF /* indiKadai5UITests */,
				F2304C0D275AE3A6009C77EF /* Products */,
			);
			sourceTree = "<group>";
		};
		F2304C0D275AE3A6009C77EF /* Products */ = {
			isa = PBXGroup;
			children = (
				F2304C0C275AE3A6009C77EF /* indiKadai5.app */,
				F2304C22275AE3A8009C77EF /* indiKadai5Tests.xctest */,
				F2304C2C275AE3A8009C77EF /* indiKadai5UITests.xctest */,
			);
			name = Products;
			sourceTree = "<group>";
		};
		F2304C0E275AE3A6009C77EF /* indiKadai5 */ = {
			isa = PBXGroup;
			children = (
				F2304C0F275AE3A6009C77EF /* AppDelegate.swift */,
				F2304C11275AE3A6009C77EF /* SceneDelegate.swift */,
				F2304C13275AE3A6009C77EF /* ViewController.swift */,
				F2304C15275AE3A6009C77EF /* Main.storyboard */,
				F2304C18275AE3A7009C77EF /* Assets.xcassets */,
				F2304C1A275AE3A7009C77EF /* LaunchScreen.storyboard */,
				F2304C1D275AE3A7009C77EF /* Info.plist */,
			);
			path = indiKadai5;
			sourceTree = "<group>";
		};
		F2304C25275AE3A8009C77EF /* indiKadai5Tests */ = {
			isa = PBXGroup;
			children = (
				F2304C26275AE3A8009C77EF /* indiKadai5Tests.swift */,
			);
			path = indiKadai5Tests;
			sourceTree = "<group>";
		};
		F2304C2F275AE3A8009C77EF /* indiKadai5UITests */ = {
			isa = PBXGroup;
			children = (
				F2304C30275AE3A8009C77EF /* indiKadai5UITests.swift */,
				F2304C32275AE3A8009C77EF /* indiKadai5UITestsLaunchTests.swift */,
			);
			path = indiKadai5UITests;
			sourceTree = "<group>";
		};
/* End PBXGroup section */

/* Begin PBXNativeTarget section */
		F2304C0B275AE3A6009C77EF /* indiKadai5 */ = {
			isa = PBXNativeTarget;
			buildConfigurationList = F2304C36275AE3A8009C77EF /* Build configuration list for PBXNativeTarget "indiKadai5" */;
			buildPhases = (
				F2304C08275AE3A6009C77EF /* Sources */,
				F2304C09275AE3A6009C77EF /* Frameworks */,
				F2304C0A275AE3A6009C77EF /* Resources */,
			);
			buildRules = (
			);
			dependencies = (
			);
			name = indiKadai5;
			productName = indiKadai5;
			productReference = F2304C0C275AE3A6009C77EF /* indiKadai5.app */;
			productType = "com.apple.product-type.application";
		};
		F2304C21275AE3A8009C77EF /* indiKadai5Tests */ = {
			isa = PBXNativeTarget;
			buildConfigurationList = F2304C39275AE3A8009C77EF /* Build configuration list for PBXNativeTarget "indiKadai5Tests" */;
			buildPhases = (
				F2304C1E275AE3A8009C77EF /* Sources */,
				F2304C1F275AE3A8009C77EF /* Frameworks */,
				F2304C20275AE3A8009C77EF /* Resources */,
			);
			buildRules = (
			);
			dependencies = (
				F2304C24275AE3A8009C77EF /* PBXTargetDependency */,
			);
			name = indiKadai5Tests;
			productName = indiKadai5Tests;
			productReference = F2304C22275AE3A8009C77EF /* indiKadai5Tests.xctest */;
			productType = "com.apple.product-type.bundle.unit-test";
		};
		F2304C2B275AE3A8009C77EF /* indiKadai5UITests */ = {
			isa = PBXNativeTarget;
			buildConfigurationList = F2304C3C275AE3A8009C77EF /* Build configuration list for PBXNativeTarget "indiKadai5UITests" */;
			buildPhases = (
				F2304C28275AE3A8009C77EF /* Sources */,
				F2304C29275AE3A8009C77EF /* Frameworks */,
				F2304C2A275AE3A8009C77EF /* Resources */,
			);
			buildRules = (
			);
			dependencies = (
				F2304C2E275AE3A8009C77EF /* PBXTargetDependency */,
			);
			name = indiKadai5UITests;
			productName = indiKadai5UITests;
			productReference = F2304C2C275AE3A8009C77EF /* indiKadai5UITests.xctest */;
			productType = "com.apple.product-type.bundle.ui-testing";
		};
/* End PBXNativeTarget section */

/* Begin PBXProject section */
		F2304C04275AE3A6009C77EF /* Project object */ = {
			isa = PBXProject;
			attributes = {
				BuildIndependentTargetsInParallel = 1;
				LastSwiftUpdateCheck = 1310;
				LastUpgradeCheck = 1310;
				TargetAttributes = {
					F2304C0B275AE3A6009C77EF = {
						CreatedOnToolsVersion = 13.1;
					};
					F2304C21275AE3A8009C77EF = {
						CreatedOnToolsVersion = 13.1;
						TestTargetID = F2304C0B275AE3A6009C77EF;
					};
					F2304C2B275AE3A8009C77EF = {
						CreatedOnToolsVersion = 13.1;
						TestTargetID = F2304C0B275AE3A6009C77EF;
					};
				};
			};
			buildConfigurationList = F2304C07275AE3A6009C77EF /* Build configuration list for PBXProject "indiKadai5" */;
			compatibilityVersion = "Xcode 13.0";
			developmentRegion = en;
			hasScannedForEncodings = 0;
			knownRegions = (
				en,
				Base,
			);
			mainGroup = F2304C03275AE3A6009C77EF;
			productRefGroup = F2304C0D275AE3A6009C77EF /* Products */;
			projectDirPath = "";
			projectRoot = "";
			targets = (
				F2304C0B275AE3A6009C77EF /* indiKadai5 */,
				F2304C21275AE3A8009C77EF /* indiKadai5Tests */,
				F2304C2B275AE3A8009C77EF /* indiKadai5UITests */,
			);
		};
/* End PBXProject section */

/* Begin PBXResourcesBuildPhase section */
		F2304C0A275AE3A6009C77EF /* Resources */ = {
			isa = PBXResourcesBuildPhase;
			buildActionMask = 2147483647;
			files = (
				F2304C1C275AE3A7009C77EF /* LaunchScreen.storyboard in Resources */,
				F2304C19275AE3A7009C77EF /* Assets.xcassets in Resources */,
				F2304C17275AE3A6009C77EF /* Main.storyboard in Resources */,
			);
			runOnlyForDeploymentPostprocessing = 0;
		};
		F2304C20275AE3A8009C77EF /* Resources */ = {
			isa = PBXResourcesBuildPhase;
			buildActionMask = 2147483647;
			files = (
			);
			runOnlyForDeploymentPostprocessing = 0;
		};
		F2304C2A275AE3A8009C77EF /* Resources */ = {
			isa = PBXResourcesBuildPhase;
			buildActionMask = 2147483647;
			files = (
			);
			runOnlyForDeploymentPostprocessing = 0;
		};
/* End PBXResourcesBuildPhase section */

/* Begin PBXSourcesBuildPhase section */
		F2304C08275AE3A6009C77EF /* Sources */ = {
			isa = PBXSourcesBuildPhase;
			buildActionMask = 2147483647;
			files = (
				F2304C14275AE3A6009C77EF /* ViewController.swift in Sources */,
				F2304C10275AE3A6009C77EF /* AppDelegate.swift in Sources */,
				F2304C12275AE3A6009C77EF /* SceneDelegate.swift in Sources */,
			);
			runOnlyForDeploymentPostprocessing = 0;
		};
		F2304C1E275AE3A8009C77EF /* Sources */ = {
			isa = PBXSourcesBuildPhase;
			buildActionMask = 2147483647;
			files = (
				F2304C27275AE3A8009C77EF /* indiKadai5Tests.swift in Sources */,
			);
			runOnlyForDeploymentPostprocessing = 0;
		};
		F2304C28275AE3A8009C77EF /* Sources */ = {
			isa = PBXSourcesBuildPhase;
			buildActionMask = 2147483647;
			files = (
				F2304C31275AE3A8009C77EF /* indiKadai5UITests.swift in Sources */,
				F2304C33275AE3A8009C77EF /* indiKadai5UITestsLaunchTests.swift in Sources */,
			);
			runOnlyForDeploymentPostprocessing = 0;
		};
/* End PBXSourcesBuildPhase section */

/* Begin PBXTargetDependency section */
		F2304C24275AE3A8009C77EF /* PBXTargetDependency */ = {
			isa = PBXTargetDependency;
			target = F2304C0B275AE3A6009C77EF /* indiKadai5 */;
			targetProxy = F2304C23275AE3A8009C77EF /* PBXContainerItemProxy */;
		};
		F2304C2E275AE3A8009C77EF /* PBXTargetDependency */ = {
			isa = PBXTargetDependency;
			target = F2304C0B275AE3A6009C77EF /* indiKadai5 */;
			targetProxy = F2304C2D275AE3A8009C77EF /* PBXContainerItemProxy */;
		};
/* End PBXTargetDependency section */

/* Begin PBXVariantGroup section */
		F2304C15275AE3A6009C77EF /* Main.storyboard */ = {
			isa = PBXVariantGroup;
			children = (
				F2304C16275AE3A6009C77EF /* Base */,
			);
			name = Main.storyboard;
			sourceTree = "<group>";
		};
		F2304C1A275AE3A7009C77EF /* LaunchScreen.storyboard */ = {
			isa = PBXVariantGroup;
			children = (
				F2304C1B275AE3A7009C77EF /* Base */,
			);
			name = LaunchScreen.storyboard;
			sourceTree = "<group>";
		};
/* End PBXVariantGroup section */

/* Begin XCBuildConfiguration section */
		F2304C34275AE3A8009C77EF /* Debug */ = {
			isa = XCBuildConfiguration;
			buildSettings = {
				ALWAYS_SEARCH_USER_PATHS = NO;
				CLANG_ANALYZER_NONNULL = YES;
				CLANG_ANALYZER_NUMBER_OBJECT_CONVERSION = YES_AGGRESSIVE;
				CLANG_CXX_LANGUAGE_STANDARD = "gnu++17";
				CLANG_CXX_LIBRARY = "libc++";
				CLANG_ENABLE_MODULES = YES;
				CLANG_ENABLE_OBJC_ARC = YES;
				CLANG_ENABLE_OBJC_WEAK = YES;
				CLANG_WARN_BLOCK_CAPTURE_AUTORELEASING = YES;
				CLANG_WARN_BOOL_CONVERSION = YES;
				CLANG_WARN_COMMA = YES;
				CLANG_WARN_CONSTANT_CONVERSION = YES;
				CLANG_WARN_DEPRECATED_OBJC_IMPLEMENTATIONS = YES;
				CLANG_WARN_DIRECT_OBJC_ISA_USAGE = YES_ERROR;
				CLANG_WARN_DOCUMENTATION_COMMENTS = YES;
				CLANG_WARN_EMPTY_BODY = YES;
				CLANG_WARN_ENUM_CONVERSION = YES;
				CLANG_WARN_INFINITE_RECURSION = YES;
				CLANG_WARN_INT_CONVERSION = YES;
				CLANG_WARN_NON_LITERAL_NULL_CONVERSION = YES;
				CLANG_WARN_OBJC_IMPLICIT_RETAIN_SELF = YES;
				CLANG_WARN_OBJC_LITERAL_CONVERSION = YES;
				CLANG_WARN_OBJC_ROOT_CLASS = YES_ERROR;
				CLANG_WARN_QUOTED_INCLUDE_IN_FRAMEWORK_HEADER = YES;
				CLANG_WARN_RANGE_LOOP_ANALYSIS = YES;
				CLANG_WARN_STRICT_PROTOTYPES = YES;
				CLANG_WARN_SUSPICIOUS_MOVE = YES;
				CLANG_WARN_UNGUARDED_AVAILABILITY = YES_AGGRESSIVE;
				CLANG_WARN_UNREACHABLE_CODE = YES;
				CLANG_WARN__DUPLICATE_METHOD_MATCH = YES;
				COPY_PHASE_STRIP = NO;
				DEBUG_INFORMATION_FORMAT = dwarf;
				ENABLE_STRICT_OBJC_MSGSEND = YES;
				ENABLE_TESTABILITY = YES;
				GCC_C_LANGUAGE_STANDARD = gnu11;
				GCC_DYNAMIC_NO_PIC = NO;
				GCC_NO_COMMON_BLOCKS = YES;
				GCC_OPTIMIZATION_LEVEL = 0;
				GCC_PREPROCESSOR_DEFINITIONS = (
					"DEBUG=1",
					"$(inherited)",
				);
				GCC_WARN_64_TO_32_BIT_CONVERSION = YES;
				GCC_WARN_ABOUT_RETURN_TYPE = YES_ERROR;
				GCC_WARN_UNDECLARED_SELECTOR = YES;
				GCC_WARN_UNINITIALIZED_AUTOS = YES_AGGRESSIVE;
				GCC_WARN_UNUSED_FUNCTION = YES;
				GCC_WARN_UNUSED_VARIABLE = YES;
				IPHONEOS_DEPLOYMENT_TARGET = 15.0;
				MTL_ENABLE_DEBUG_INFO = INCLUDE_SOURCE;
				MTL_FAST_MATH = YES;
				ONLY_ACTIVE_ARCH = YES;
				SDKROOT = iphoneos;
				SWIFT_ACTIVE_COMPILATION_CONDITIONS = DEBUG;
				SWIFT_OPTIMIZATION_LEVEL = "-Onone";
			};
			name = Debug;
		};
		F2304C35275AE3A8009C77EF /* Release */ = {
			isa = XCBuildConfiguration;
			buildSettings = {
				ALWAYS_SEARCH_USER_PATHS = NO;
				CLANG_ANALYZER_NONNULL = YES;
				CLANG_ANALYZER_NUMBER_OBJECT_CONVERSION = YES_AGGRESSIVE;
				CLANG_CXX_LANGUAGE_STANDARD = "gnu++17";
				CLANG_CXX_LIBRARY = "libc++";
				CLANG_ENABLE_MODULES = YES;
				CLANG_ENABLE_OBJC_ARC = YES;
				CLANG_ENABLE_OBJC_WEAK = YES;
				CLANG_WARN_BLOCK_CAPTURE_AUTORELEASING = YES;
				CLANG_WARN_BOOL_CONVERSION = YES;
				CLANG_WARN_COMMA = YES;
				CLANG_WARN_CONSTANT_CONVERSION = YES;
				CLANG_WARN_DEPRECATED_OBJC_IMPLEMENTATIONS = YES;
				CLANG_WARN_DIRECT_OBJC_ISA_USAGE = YES_ERROR;
				CLANG_WARN_DOCUMENTATION_COMMENTS = YES;
				CLANG_WARN_EMPTY_BODY = YES;
				CLANG_WARN_ENUM_CONVERSION = YES;
				CLANG_WARN_INFINITE_RECURSION = YES;
				CLANG_WARN_INT_CONVERSION = YES;
				CLANG_WARN_NON_LITERAL_NULL_CONVERSION = YES;
				CLANG_WARN_OBJC_IMPLICIT_RETAIN_SELF = YES;
				CLANG_WARN_OBJC_LITERAL_CONVERSION = YES;
				CLANG_WARN_OBJC_ROOT_CLASS = YES_ERROR;
				CLANG_WARN_QUOTED_INCLUDE_IN_FRAMEWORK_HEADER = YES;
				CLANG_WARN_RANGE_LOOP_ANALYSIS = YES;
				CLANG_WARN_STRICT_PROTOTYPES = YES;
				CLANG_WARN_SUSPICIOUS_MOVE = YES;
				CLANG_WARN_UNGUARDED_AVAILABILITY = YES_AGGRESSIVE;
				CLANG_WARN_UNREACHABLE_CODE = YES;
				CLANG_WARN__DUPLICATE_METHOD_MATCH = YES;
				COPY_PHASE_STRIP = NO;
				DEBUG_INFORMATION_FORMAT = "dwarf-with-dsym";
				ENABLE_NS_ASSERTIONS = NO;
				ENABLE_STRICT_OBJC_MSGSEND = YES;
				GCC_C_LANGUAGE_STANDARD = gnu11;
				GCC_NO_COMMON_BLOCKS = YES;
				GCC_WARN_64_TO_32_BIT_CONVERSION = YES;
				GCC_WARN_ABOUT_RETURN_TYPE = YES_ERROR;
				GCC_WARN_UNDECLARED_SELECTOR = YES;
				GCC_WARN_UNINITIALIZED_AUTOS = YES_AGGRESSIVE;
				GCC_WARN_UNUSED_FUNCTION = YES;
				GCC_WARN_UNUSED_VARIABLE = YES;
				IPHONEOS_DEPLOYMENT_TARGET = 15.0;
				MTL_ENABLE_DEBUG_INFO = NO;
				MTL_FAST_MATH = YES;
				SDKROOT = iphoneos;
				SWIFT_COMPILATION_MODE = wholemodule;
				SWIFT_OPTIMIZATION_LEVEL = "-O";
				VALIDATE_PRODUCT = YES;
			};
			name = Release;
		};
		F2304C37275AE3A8009C77EF /* Debug */ = {
			isa = XCBuildConfiguration;
			buildSettings = {
				ASSETCATALOG_COMPILER_APPICON_NAME = AppIcon;
				ASSETCATALOG_COMPILER_GLOBAL_ACCENT_COLOR_NAME = AccentColor;
				CODE_SIGN_STYLE = Automatic;
				CURRENT_PROJECT_VERSION = 1;
				DEVELOPMENT_TEAM = 69MAR4S32D;
				GENERATE_INFOPLIST_FILE = YES;
				INFOPLIST_FILE = indiKadai5/Info.plist;
				INFOPLIST_KEY_UIApplicationSupportsIndirectInputEvents = YES;
				INFOPLIST_KEY_UILaunchStoryboardName = LaunchScreen;
				INFOPLIST_KEY_UIMainStoryboardFile = Main;
				INFOPLIST_KEY_UISupportedInterfaceOrientations_iPad = "UIInterfaceOrientationPortrait UIInterfaceOrientationPortraitUpsideDown UIInterfaceOrientationLandscapeLeft UIInterfaceOrientationLandscapeRight";
				INFOPLIST_KEY_UISupportedInterfaceOrientations_iPhone = "UIInterfaceOrientationPortrait UIInterfaceOrientationLandscapeLeft UIInterfaceOrientationLandscapeRight";
				LD_RUNPATH_SEARCH_PATHS = (
					"$(inherited)",
					"@executable_path/Frameworks",
				);
				MARKETING_VERSION = 1.0;
				PRODUCT_BUNDLE_IDENTIFIER = com.TaishiKusunose.indiKadai5;
				PRODUCT_NAME = "$(TARGET_NAME)";
				SWIFT_EMIT_LOC_STRINGS = YES;
				SWIFT_VERSION = 5.0;
				TARGETED_DEVICE_FAMILY = "1,2";
			};
			name = Debug;
		};
		F2304C38275AE3A8009C77EF /* Release */ = {
			isa = XCBuildConfiguration;
			buildSettings = {
				ASSETCATALOG_COMPILER_APPICON_NAME = AppIcon;
				ASSETCATALOG_COMPILER_GLOBAL_ACCENT_COLOR_NAME = AccentColor;
				CODE_SIGN_STYLE = Automatic;
				CURRENT_PROJECT_VERSION = 1;
				DEVELOPMENT_TEAM = 69MAR4S32D;
				GENERATE_INFOPLIST_FILE = YES;
				INFOPLIST_FILE = indiKadai5/Info.plist;
				INFOPLIST_KEY_UIApplicationSupportsIndirectInputEvents = YES;
				INFOPLIST_KEY_UILaunchStoryboardName = LaunchScreen;
				INFOPLIST_KEY_UIMainStoryboardFile = Main;
				INFOPLIST_KEY_UISupportedInterfaceOrientations_iPad = "UIInterfaceOrientationPortrait UIInterfaceOrientationPortraitUpsideDown UIInterfaceOrientationLandscapeLeft UIInterfaceOrientationLandscapeRight";
				INFOPLIST_KEY_UISupportedInterfaceOrientations_iPhone = "UIInterfaceOrientationPortrait UIInterfaceOrientationLandscapeLeft UIInterfaceOrientationLandscapeRight";
				LD_RUNPATH_SEARCH_PATHS = (
					"$(inherited)",
					"@executable_path/Frameworks",
				);
				MARKETING_VERSION = 1.0;
				PRODUCT_BUNDLE_IDENTIFIER = com.TaishiKusunose.indiKadai5;
				PRODUCT_NAME = "$(TARGET_NAME)";
				SWIFT_EMIT_LOC_STRINGS = YES;
				SWIFT_VERSION = 5.0;
				TARGETED_DEVICE_FAMILY = "1,2";
			};
			name = Release;
		};
		F2304C3A275AE3A8009C77EF /* Debug */ = {
			isa = XCBuildConfiguration;
			buildSettings = {
				ALWAYS_EMBED_SWIFT_STANDARD_LIBRARIES = YES;
				BUNDLE_LOADER = "$(TEST_HOST)";
				CODE_SIGN_STYLE = Automatic;
				CURRENT_PROJECT_VERSION = 1;
				DEVELOPMENT_TEAM = 69MAR4S32D;
				GENERATE_INFOPLIST_FILE = YES;
				IPHONEOS_DEPLOYMENT_TARGET = 15.0;
				LD_RUNPATH_SEARCH_PATHS = (
					"$(inherited)",
					"@executable_path/Frameworks",
					"@loader_path/Frameworks",
				);
				MARKETING_VERSION = 1.0;
				PRODUCT_BUNDLE_IDENTIFIER = com.TaishiKusunose.indiKadai5Tests;
				PRODUCT_NAME = "$(TARGET_NAME)";
				SWIFT_EMIT_LOC_STRINGS = NO;
				SWIFT_VERSION = 5.0;
				TARGETED_DEVICE_FAMILY = "1,2";
				TEST_HOST = "$(BUILT_PRODUCTS_DIR)/indiKadai5.app/indiKadai5";
			};
			name = Debug;
		};
		F2304C3B275AE3A8009C77EF /* Release */ = {
			isa = XCBuildConfiguration;
			buildSettings = {
				ALWAYS_EMBED_SWIFT_STANDARD_LIBRARIES = YES;
				BUNDLE_LOADER = "$(TEST_HOST)";
				CODE_SIGN_STYLE = Automatic;
				CURRENT_PROJECT_VERSION = 1;
				DEVELOPMENT_TEAM = 69MAR4S32D;
				GENERATE_INFOPLIST_FILE = YES;
				IPHONEOS_DEPLOYMENT_TARGET = 15.0;
				LD_RUNPATH_SEARCH_PATHS = (
					"$(inherited)",
					"@executable_path/Frameworks",
					"@loader_path/Frameworks",
				);
				MARKETING_VERSION = 1.0;
				PRODUCT_BUNDLE_IDENTIFIER = com.TaishiKusunose.indiKadai5Tests;
				PRODUCT_NAME = "$(TARGET_NAME)";
				SWIFT_EMIT_LOC_STRINGS = NO;
				SWIFT_VERSION = 5.0;
				TARGETED_DEVICE_FAMILY = "1,2";
				TEST_HOST = "$(BUILT_PRODUCTS_DIR)/indiKadai5.app/indiKadai5";
			};
			name = Release;
		};
		F2304C3D275AE3A8009C77EF /* Debug */ = {
			isa = XCBuildConfiguration;
			buildSettings = {
				ALWAYS_EMBED_SWIFT_STANDARD_LIBRARIES = YES;
				CODE_SIGN_STYLE = Automatic;
				CURRENT_PROJECT_VERSION = 1;
				DEVELOPMENT_TEAM = 69MAR4S32D;
				GENERATE_INFOPLIST_FILE = YES;
				LD_RUNPATH_SEARCH_PATHS = (
					"$(inherited)",
					"@executable_path/Frameworks",
					"@loader_path/Frameworks",
				);
				MARKETING_VERSION = 1.0;
				PRODUCT_BUNDLE_IDENTIFIER = com.TaishiKusunose.indiKadai5UITests;
				PRODUCT_NAME = "$(TARGET_NAME)";
				SWIFT_EMIT_LOC_STRINGS = NO;
				SWIFT_VERSION = 5.0;
				TARGETED_DEVICE_FAMILY = "1,2";
				TEST_TARGET_NAME = indiKadai5;
			};
			name = Debug;
		};
		F2304C3E275AE3A8009C77EF /* Release */ = {
			isa = XCBuildConfiguration;
			buildSettings = {
				ALWAYS_EMBED_SWIFT_STANDARD_LIBRARIES = YES;
				CODE_SIGN_STYLE = Automatic;
				CURRENT_PROJECT_VERSION = 1;
				DEVELOPMENT_TEAM = 69MAR4S32D;
				GENERATE_INFOPLIST_FILE = YES;
				LD_RUNPATH_SEARCH_PATHS = (
					"$(inherited)",
					"@executable_path/Frameworks",
					"@loader_path/Frameworks",
				);
				MARKETING_VERSION = 1.0;
				PRODUCT_BUNDLE_IDENTIFIER = com.TaishiKusunose.indiKadai5UITests;
				PRODUCT_NAME = "$(TARGET_NAME)";
				SWIFT_EMIT_LOC_STRINGS = NO;
				SWIFT_VERSION = 5.0;
				TARGETED_DEVICE_FAMILY = "1,2";
				TEST_TARGET_NAME = indiKadai5;
			};
			name = Release;
		};
/* End XCBuildConfiguration section */

/* Begin XCConfigurationList section */
		F2304C07275AE3A6009C77EF /* Build configuration list for PBXProject "indiKadai5" */ = {
			isa = XCConfigurationList;
			buildConfigurations = (
				F2304C34275AE3A8009C77EF /* Debug */,
				F2304C35275AE3A8009C77EF /* Release */,
			);
			defaultConfigurationIsVisible = 0;
			defaultConfigurationName = Release;
		};
		F2304C36275AE3A8009C77EF /* Build configuration list for PBXNativeTarget "indiKadai5" */ = {
			isa = XCConfigurationList;
			buildConfigurations = (
				F2304C37275AE3A8009C77EF /* Debug */,
				F2304C38275AE3A8009C77EF /* Release */,
			);
			defaultConfigurationIsVisible = 0;
			defaultConfigurationName = Release;
		};
		F2304C39275AE3A8009C77EF /* Build configuration list for PBXNativeTarget "indiKadai5Tests" */ = {
			isa = XCConfigurationList;
			buildConfigurations = (
				F2304C3A275AE3A8009C77EF /* Debug */,
				F2304C3B275AE3A8009C77EF /* Release */,
			);
			defaultConfigurationIsVisible = 0;
			defaultConfigurationName = Release;
		};
		F2304C3C275AE3A8009C77EF /* Build configuration list for PBXNativeTarget "indiKadai5UITests" */ = {
			isa = XCConfigurationList;
			buildConfigurations = (
				F2304C3D275AE3A8009C77EF /* Debug */,
				F2304C3E275AE3A8009C77EF /* Release */,
			);
			defaultConfigurationIsVisible = 0;
			defaultConfigurationName = Release;
		};
/* End XCConfigurationList section */
	};
	rootObject = F2304C04275AE3A6009C77EF /* Project object */;
}
